{
  "name": "eslint-config-lennym",
  "version": "1.1.0",
  "lockfileVersion": 1,
  "requires": true,
  "dependencies": {
    "builtin-modules": {
      "version": "1.1.1",
      "resolved": "https://registry.npmjs.org/builtin-modules/-/builtin-modules-1.1.1.tgz",
      "integrity": "sha1-Jw8HbFpywC9bZaR9+Uxf46J4iS8="
    },
    "colors": {
      "version": "0.6.2",
      "resolved": "https://registry.npmjs.org/colors/-/colors-0.6.2.tgz",
      "integrity": "sha1-JCP+ZnisDF2uiFLl0OW+CMmXq8w="
    },
    "commander": {
      "version": "2.1.0",
      "resolved": "https://registry.npmjs.org/commander/-/commander-2.1.0.tgz",
      "integrity": "sha1-0SG7roYNmZKj1Re6lvVliOR8Z4E="
    },
    "eslint-config-semistandard": {
      "version": "11.0.0",
      "resolved": "https://registry.npmjs.org/eslint-config-semistandard/-/eslint-config-semistandard-11.0.0.tgz",
      "integrity": "sha1-RO73z9/Uchnjp7gbkbVA6IC7JhU="
    },
    "eslint-plugin-filenames": {
      "version": "1.2.0",
      "resolved": "https://registry.npmjs.org/eslint-plugin-filenames/-/eslint-plugin-filenames-1.2.0.tgz",
      "integrity": "sha1-runByQGJyV0uSZAsFg7O7+zZn1M=",
      "requires": {
        "lodash.camelcase": "4.3.0",
        "lodash.kebabcase": "4.1.1",
        "lodash.snakecase": "4.1.1",
        "lodash.upperfirst": "4.3.1"
      }
    },
    "eslint-plugin-implicit-dependencies": {
      "version": "1.0.4",
      "resolved": "https://registry.npmjs.org/eslint-plugin-implicit-dependencies/-/eslint-plugin-implicit-dependencies-1.0.4.tgz",
      "integrity": "sha1-cxNff27HrIQjS1c47s77m7u9XKc=",
      "requires": {
        "builtin-modules": "1.1.1",
        "findup": "0.1.5"
      }
    },
    "findup": {
      "version": "0.1.5",
      "resolved": "https://registry.npmjs.org/findup/-/findup-0.1.5.tgz",
      "integrity": "sha1-itkpozk7rGJ5V6fl3kYjsGsOLOs=",
      "requires": {
        "colors": "0.6.2",
        "commander": "2.1.0"
      }
    },
    "lodash.camelcase": {
      "version": "4.3.0",
      "resolved": "https://registry.npmjs.org/lodash.camelcase/-/lodash.camelcase-4.3.0.tgz",
      "integrity": "sha1-soqmKIorn8ZRA1x3EfZathkDMaY="
    },
    "lodash.kebabcase": {
      "version": "4.1.1",
      "resolved": "https://registry.npmjs.org/lodash.kebabcase/-/lodash.kebabcase-4.1.1.tgz",
      "integrity": "sha1-hImxyw0p/4gZXM7KRI/21swpXDY="
    },
    "lodash.snakecase": {
      "version": "4.1.1",
      "resolved": "https://registry.npmjs.org/lodash.snakecase/-/lodash.snakecase-4.1.1.tgz",
      "integrity": "sha1-OdcUo1NXFHg3rv1ktdy7Fr7Nj40="
    },
    "lodash.upperfirst": {
      "version": "4.3.1",
      "resolved": "https://registry.npmjs.org/lodash.upperfirst/-/lodash.upperfirst-4.3.1.tgz",
      "integrity": "sha1-E2Xt9DFIBIHvDRxolXpe2Z1J984="
    }
  }
}
